
Microsoft Visual Studio Solution File, Format Version 12.00
# Visual Studio Version 17
VisualStudioVersion = 17.9.34714.143
MinimumVisualStudioVersion = 10.0.40219.1
Project("{9A19103F-16F7-4668-BE54-9A1E7A4F7556}") = "Data", "Data\Data.csproj", "{5D4F3F24-1896-4AEF-9481-B89011E31074}"
EndProject
Project("{9A19103F-16F7-4668-BE54-9A1E7A4F7556}") = "Logic", "Logic\Logic.csproj", "{190C4A4B-6A55-4B6F-832E-10346273CC11}"
EndProject
Project("{9A19103F-16F7-4668-BE54-9A1E7A4F7556}") = "Model", "Model\Model.csproj", "{DCAA3BBA-3542-4C4C-9FEA-F04B7A729458}"
EndProject
Project("{9A19103F-16F7-4668-BE54-9A1E7A4F7556}") = "ViewModel", "ViewModel\ViewModel.csproj", "{42F1ADD9-6F32-44AE-BB4F-35E83E0C2ADE}"
EndProject
Project("{9A19103F-16F7-4668-BE54-9A1E7A4F7556}") = "View", "View\View.csproj", "{5BE7027E-C70B-4E40-8C71-43CE3B885EF6}"
EndProject
Project("{9A19103F-16F7-4668-BE54-9A1E7A4F7556}") = "LogicTest", "LogicTest\LogicTest.csproj", "{59090253-C022-4F5F-A216-4375404666B2}"
EndProject
Global
	GlobalSection(SolutionConfigurationPlatforms) = preSolution
		Debug|Any CPU = Debug|Any CPU
		Release|Any CPU = Release|Any CPU
	EndGlobalSection
	GlobalSection(ProjectConfigurationPlatforms) = postSolution
		{5D4F3F24-1896-4AEF-9481-B89011E31074}.Debug|Any CPU.ActiveCfg = Debug|Any CPU
		{5D4F3F24-1896-4AEF-9481-B89011E31074}.Debug|Any CPU.Build.0 = Debug|Any CPU
		{5D4F3F24-1896-4AEF-9481-B89011E31074}.Release|Any CPU.ActiveCfg = Release|Any CPU
		{5D4F3F24-1896-4AEF-9481-B89011E31074}.Release|Any CPU.Build.0 = Release|Any CPU
		{190C4A4B-6A55-4B6F-832E-10346273CC11}.Debug|Any CPU.ActiveCfg = Debug|Any CPU
		{190C4A4B-6A55-4B6F-832E-10346273CC11}.Debug|Any CPU.Build.0 = Debug|Any CPU
		{190C4A4B-6A55-4B6F-832E-10346273CC11}.Release|Any CPU.ActiveCfg = Release|Any CPU
		{190C4A4B-6A55-4B6F-832E-10346273CC11}.Release|Any CPU.Build.0 = Release|Any CPU
		{DCAA3BBA-3542-4C4C-9FEA-F04B7A729458}.Debug|Any CPU.ActiveCfg = Debug|Any CPU
		{DCAA3BBA-3542-4C4C-9FEA-F04B7A729458}.Debug|Any CPU.Build.0 = Debug|Any CPU
		{DCAA3BBA-3542-4C4C-9FEA-F04B7A729458}.Release|Any CPU.ActiveCfg = Release|Any CPU
		{DCAA3BBA-3542-4C4C-9FEA-F04B7A729458}.Release|Any CPU.Build.0 = Release|Any CPU
		{42F1ADD9-6F32-44AE-BB4F-35E83E0C2ADE}.Debug|Any CPU.ActiveCfg = Debug|Any CPU
		{42F1ADD9-6F32-44AE-BB4F-35E83E0C2ADE}.Debug|Any CPU.Build.0 = Debug|Any CPU
		{42F1ADD9-6F32-44AE-BB4F-35E83E0C2ADE}.Release|Any CPU.ActiveCfg = Release|Any CPU
		{42F1ADD9-6F32-44AE-BB4F-35E83E0C2ADE}.Release|Any CPU.Build.0 = Release|Any CPU
		{5BE7027E-C70B-4E40-8C71-43CE3B885EF6}.Debug|Any CPU.ActiveCfg = Debug|Any CPU
		{5BE7027E-C70B-4E40-8C71-43CE3B885EF6}.Debug|Any CPU.Build.0 = Debug|Any CPU
		{5BE7027E-C70B-4E40-8C71-43CE3B885EF6}.Release|Any CPU.ActiveCfg = Release|Any CPU
		{5BE7027E-C70B-4E40-8C71-43CE3B885EF6}.Release|Any CPU.Build.0 = Release|Any CPU
		{59090253-C022-4F5F-A216-4375404666B2}.Debug|Any CPU.ActiveCfg = Debug|Any CPU
		{59090253-C022-4F5F-A216-4375404666B2}.Debug|Any CPU.Build.0 = Debug|Any CPU
		{59090253-C022-4F5F-A216-4375404666B2}.Release|Any CPU.ActiveCfg = Release|Any CPU
		{59090253-C022-4F5F-A216-4375404666B2}.Release|Any CPU.Build.0 = Release|Any CPU
	EndGlobalSection
	GlobalSection(SolutionProperties) = preSolution
		HideSolutionNode = FALSE
	EndGlobalSection
	GlobalSection(ExtensibilityGlobals) = postSolution
		SolutionGuid = {D33E40EB-9FCC-41F6-880C-63F49BA8CC75}
	EndGlobalSection
EndGlobal
