
Microsoft Visual Studio Solution File, Format Version 12.00
# Visual Studio Version 17
VisualStudioVersion = 17.9.34714.143
MinimumVisualStudioVersion = 10.0.40219.1
Project("{FAE04EC0-301F-11D3-BF4B-00C04F79EFBC}") = "ProjektTest", "ProjektTest\ProjektTest.csproj", "{09C746F4-ECB5-46C3-A5FC-A2AF2D2A7054}"
EndProject
Project("{FAE04EC0-301F-11D3-BF4B-00C04F79EFBC}") = "UnitTestProjectTPW", "UnitTestProjectTPW\UnitTestProjectTPW.csproj", "{5C6D4475-245F-4EBA-A3A7-DBA526446351}"
EndProject
Global
	GlobalSection(SolutionConfigurationPlatforms) = preSolution
		Debug|Any CPU = Debug|Any CPU
		Release|Any CPU = Release|Any CPU
	EndGlobalSection
	GlobalSection(ProjectConfigurationPlatforms) = postSolution
		{09C746F4-ECB5-46C3-A5FC-A2AF2D2A7054}.Debug|Any CPU.ActiveCfg = Debug|Any CPU
		{09C746F4-ECB5-46C3-A5FC-A2AF2D2A7054}.Debug|Any CPU.Build.0 = Debug|Any CPU
		{09C746F4-ECB5-46C3-A5FC-A2AF2D2A7054}.Release|Any CPU.ActiveCfg = Release|Any CPU
		{09C746F4-ECB5-46C3-A5FC-A2AF2D2A7054}.Release|Any CPU.Build.0 = Release|Any CPU
		{5C6D4475-245F-4EBA-A3A7-DBA526446351}.Debug|Any CPU.ActiveCfg = Debug|Any CPU
		{5C6D4475-245F-4EBA-A3A7-DBA526446351}.Debug|Any CPU.Build.0 = Debug|Any CPU
		{5C6D4475-245F-4EBA-A3A7-DBA526446351}.Release|Any CPU.ActiveCfg = Release|Any CPU
		{5C6D4475-245F-4EBA-A3A7-DBA526446351}.Release|Any CPU.Build.0 = Release|Any CPU
	EndGlobalSection
	GlobalSection(SolutionProperties) = preSolution
		HideSolutionNode = FALSE
	EndGlobalSection
	GlobalSection(ExtensibilityGlobals) = postSolution
		SolutionGuid = {D33E40EB-9FCC-41F6-880C-63F49BA8CC75}
	EndGlobalSection
EndGlobal
